
Microsoft Visual Studio Solution File, Format Version 12.00
# Visual Studio Version 16
VisualStudioVersion = 16.0.30330.147
MinimumVisualStudioVersion = 10.0.40219.1
Project("{FAE04EC0-301F-11D3-BF4B-00C04F79EFBC}") = "Llaves", "Llaves.csproj", "{3704D22F-6910-493E-A12A-A01ED41B0663}"
EndProject
Project("{FAE04EC0-301F-11D3-BF4B-00C04F79EFBC}") = "SerieII", "..\SerieII\SerieII.csproj", "{50EC375B-C976-4029-9486-A91304C60FA1}"
EndProject
Project("{FAE04EC0-301F-11D3-BF4B-00C04F79EFBC}") = "SerieIII", "..\SerieIII\SerieIII.csproj", "{FB4E038C-347B-4F5E-86F1-9628D81163C8}"
EndProject
Global
	GlobalSection(SolutionConfigurationPlatforms) = preSolution
		Debug|Any CPU = Debug|Any CPU
		Release|Any CPU = Release|Any CPU
	EndGlobalSection
	GlobalSection(ProjectConfigurationPlatforms) = postSolution
		{3704D22F-6910-493E-A12A-A01ED41B0663}.Debug|Any CPU.ActiveCfg = Debug|Any CPU
		{3704D22F-6910-493E-A12A-A01ED41B0663}.Debug|Any CPU.Build.0 = Debug|Any CPU
		{3704D22F-6910-493E-A12A-A01ED41B0663}.Release|Any CPU.ActiveCfg = Release|Any CPU
		{3704D22F-6910-493E-A12A-A01ED41B0663}.Release|Any CPU.Build.0 = Release|Any CPU
		{50EC375B-C976-4029-9486-A91304C60FA1}.Debug|Any CPU.ActiveCfg = Debug|Any CPU
		{50EC375B-C976-4029-9486-A91304C60FA1}.Debug|Any CPU.Build.0 = Debug|Any CPU
		{50EC375B-C976-4029-9486-A91304C60FA1}.Release|Any CPU.ActiveCfg = Release|Any CPU
		{50EC375B-C976-4029-9486-A91304C60FA1}.Release|Any CPU.Build.0 = Release|Any CPU
		{FB4E038C-347B-4F5E-86F1-9628D81163C8}.Debug|Any CPU.ActiveCfg = Debug|Any CPU
		{FB4E038C-347B-4F5E-86F1-9628D81163C8}.Debug|Any CPU.Build.0 = Debug|Any CPU
		{FB4E038C-347B-4F5E-86F1-9628D81163C8}.Release|Any CPU.ActiveCfg = Release|Any CPU
		{FB4E038C-347B-4F5E-86F1-9628D81163C8}.Release|Any CPU.Build.0 = Release|Any CPU
	EndGlobalSection
	GlobalSection(SolutionProperties) = preSolution
		HideSolutionNode = FALSE
	EndGlobalSection
	GlobalSection(ExtensibilityGlobals) = postSolution
		SolutionGuid = {541D900B-AADF-4EF6-B944-0C8E1551B20D}
	EndGlobalSection
EndGlobal
